
Microsoft Visual Studio Solution File, Format Version 12.00
# Visual Studio Version 17
VisualStudioVersion = 17.2.32630.192
MinimumVisualStudioVersion = 10.0.40219.1
Project("{FAE04EC0-301F-11D3-BF4B-00C04F79EFBC}") = "Занятие1", "Занятие1\Занятие1.csproj", "{6C66EAED-96C9-4306-9D84-A813A6571711}"
EndProject
Global
	GlobalSection(SolutionConfigurationPlatforms) = preSolution
		Debug|Any CPU = Debug|Any CPU
		Release|Any CPU = Release|Any CPU
	EndGlobalSection
	GlobalSection(ProjectConfigurationPlatforms) = postSolution
		{6C66EAED-96C9-4306-9D84-A813A6571711}.Debug|Any CPU.ActiveCfg = Debug|Any CPU
		{6C66EAED-96C9-4306-9D84-A813A6571711}.Debug|Any CPU.Build.0 = Debug|Any CPU
		{6C66EAED-96C9-4306-9D84-A813A6571711}.Release|Any CPU.ActiveCfg = Release|Any CPU
		{6C66EAED-96C9-4306-9D84-A813A6571711}.Release|Any CPU.Build.0 = Release|Any CPU
	EndGlobalSection
	GlobalSection(SolutionProperties) = preSolution
		HideSolutionNode = FALSE
	EndGlobalSection
	GlobalSection(ExtensibilityGlobals) = postSolution
		SolutionGuid = {85DDC454-6BCC-4285-A260-393C4516BC82}
	EndGlobalSection
EndGlobal
