
Microsoft Visual Studio Solution File, Format Version 12.00
# Visual Studio Version 17
VisualStudioVersion = 17.2.32630.192
MinimumVisualStudioVersion = 10.0.40219.1
Project("{FAE04EC0-301F-11D3-BF4B-00C04F79EFBC}") = "State", "State\State.csproj", "{F5665D3D-13A2-408D-A6DA-48D0BA5D73D1}"
EndProject
Global
	GlobalSection(SolutionConfigurationPlatforms) = preSolution
		Debug|Any CPU = Debug|Any CPU
		Release|Any CPU = Release|Any CPU
	EndGlobalSection
	GlobalSection(ProjectConfigurationPlatforms) = postSolution
		{F5665D3D-13A2-408D-A6DA-48D0BA5D73D1}.Debug|Any CPU.ActiveCfg = Debug|Any CPU
		{F5665D3D-13A2-408D-A6DA-48D0BA5D73D1}.Debug|Any CPU.Build.0 = Debug|Any CPU
		{F5665D3D-13A2-408D-A6DA-48D0BA5D73D1}.Release|Any CPU.ActiveCfg = Release|Any CPU
		{F5665D3D-13A2-408D-A6DA-48D0BA5D73D1}.Release|Any CPU.Build.0 = Release|Any CPU
	EndGlobalSection
	GlobalSection(SolutionProperties) = preSolution
		HideSolutionNode = FALSE
	EndGlobalSection
	GlobalSection(ExtensibilityGlobals) = postSolution
		SolutionGuid = {FF3B27A2-A086-4A4C-90F5-014CDE8FF892}
	EndGlobalSection
EndGlobal
